
Microsoft Visual Studio Solution File, Format Version 12.00
# Visual Studio Version 16
VisualStudioVersion = 16.0.29728.190
MinimumVisualStudioVersion = 10.0.40219.1
Project("{FAE04EC0-301F-11D3-BF4B-00C04F79EFBC}") = "Counter", "Counter\Counter.csproj", "{CE552926-9808-4AD3-9A27-F20F9AFC18B7}"
EndProject
Global
	GlobalSection(SolutionConfigurationPlatforms) = preSolution
		Debug|Any CPU = Debug|Any CPU
		Release|Any CPU = Release|Any CPU
	EndGlobalSection
	GlobalSection(ProjectConfigurationPlatforms) = postSolution
		{CE552926-9808-4AD3-9A27-F20F9AFC18B7}.Debug|Any CPU.ActiveCfg = Debug|Any CPU
		{CE552926-9808-4AD3-9A27-F20F9AFC18B7}.Debug|Any CPU.Build.0 = Debug|Any CPU
		{CE552926-9808-4AD3-9A27-F20F9AFC18B7}.Release|Any CPU.ActiveCfg = Release|Any CPU
		{CE552926-9808-4AD3-9A27-F20F9AFC18B7}.Release|Any CPU.Build.0 = Release|Any CPU
	EndGlobalSection
	GlobalSection(SolutionProperties) = preSolution
		HideSolutionNode = FALSE
	EndGlobalSection
	GlobalSection(ExtensibilityGlobals) = postSolution
		SolutionGuid = {7E11D796-FC89-4E78-8E71-6AA21446F06B}
	EndGlobalSection
EndGlobal
